{
  "object": {
    "pins": [
      {
        "package": "AEXML",
        "repositoryURL": "https://github.com/tadija/AEXML",
        "state": {
          "branch": null,
          "revision": "502c4d43a6cc9c395d19111e09dc62ad834977b5",
          "version": "4.6.0"
        }
      },
      {
        "package": "Zip",
        "repositoryURL": "https://github.com/marmelroy/Zip",
        "state": {
          "branch": null,
          "revision": "bd19d974e8a38cc8d3a88c90c8a107386c3b8ccf",
          "version": "2.1.1"
        }
      }
    ]
  },
  "version": 1
}
