// !$*UTF8*$!
{
	archiveVersion = 1;
	classes = {
	};
	objectVersion = 46;
	objects = {

/* Begin PBXBuildFile section */
		410E71DB20BC6F2F008081C4 /* Zip.framework in Frameworks */ = {isa = PBXBuildFile; fileRef = 410E71D920BC6F2F008081C4 /* Zip.framework */; };
		410E71DC20BC6F2F008081C4 /* AEXML.framework in Frameworks */ = {isa = PBXBuildFile; fileRef = 410E71DA20BC6F2F008081C4 /* AEXML.framework */; };
		4130F6641EF2012E0073D37F /* EPUBParserError.swift in Sources */ = {isa = PBXBuildFile; fileRef = 4130F6631EF2012E0073D37F /* EPUBParserError.swift */; };
		4134172120E6EF7E003D101D /* EPUBMetadataParser.swift in Sources */ = {isa = PBXBuildFile; fileRef = 4134172020E6EF7E003D101D /* EPUBMetadataParser.swift */; };
		4134172320E7016F003D101D /* EPUBManifestParser.swift in Sources */ = {isa = PBXBuildFile; fileRef = 4134172220E7016F003D101D /* EPUBManifestParser.swift */; };
		4134172520E702A5003D101D /* EPUBSpineParser.swift in Sources */ = {isa = PBXBuildFile; fileRef = 4134172420E702A5003D101D /* EPUBSpineParser.swift */; };
		4134172920E70915003D101D /* EPUBTableOfContentsParser.swift in Sources */ = {isa = PBXBuildFile; fileRef = 4134172820E70915003D101D /* EPUBTableOfContentsParser.swift */; };
		4134172C20E79C7F003D101D /* EPUBContentService.swift in Sources */ = {isa = PBXBuildFile; fileRef = 4134172B20E79C7F003D101D /* EPUBContentService.swift */; };
		413A073D1EEC19C40089D947 /* EPUBManifest.swift in Sources */ = {isa = PBXBuildFile; fileRef = 413A073C1EEC19C40089D947 /* EPUBManifest.swift */; };
		413A07411EED763F0089D947 /* EPUBSpine.swift in Sources */ = {isa = PBXBuildFile; fileRef = 413A07401EED763F0089D947 /* EPUBSpine.swift */; };
		413DB33020E3CE1C00B5E1C3 /* EPUBParserDelegate.swift in Sources */ = {isa = PBXBuildFile; fileRef = 413DB32F20E3CE1C00B5E1C3 /* EPUBParserDelegate.swift */; };
		413DB33220E3FC2000B5E1C3 /* EPUBParserProtocol.swift in Sources */ = {isa = PBXBuildFile; fileRef = 413DB33120E3FC2000B5E1C3 /* EPUBParserProtocol.swift */; };
		413DB33620E6EAD300B5E1C3 /* EPUBArchiveService.swift in Sources */ = {isa = PBXBuildFile; fileRef = 413DB33520E6EAD300B5E1C3 /* EPUBArchiveService.swift */; };
		4142D7951F48CA6000A868D3 /* EPUBParsable.swift in Sources */ = {isa = PBXBuildFile; fileRef = 4142D7941F48CA6000A868D3 /* EPUBParsable.swift */; };
		41689DDA1EE997D1004D6003 /* EPUBKit.h in Headers */ = {isa = PBXBuildFile; fileRef = 41689DD81EE997D1004D6003 /* EPUBKit.h */; settings = {ATTRIBUTES = (Public, ); }; };
		419DC01420B9E6DF00D654B2 /* EPUBSpineItem.swift in Sources */ = {isa = PBXBuildFile; fileRef = 419DC01320B9E6DF00D654B2 /* EPUBSpineItem.swift */; };
		419DC01620B9E7E600D654B2 /* EPUBManifestItem.swift in Sources */ = {isa = PBXBuildFile; fileRef = 419DC01520B9E7E600D654B2 /* EPUBManifestItem.swift */; };
		419DC01820B9E85C00D654B2 /* EPUBMediaType.swift in Sources */ = {isa = PBXBuildFile; fileRef = 419DC01720B9E85C00D654B2 /* EPUBMediaType.swift */; };
		419DC01A20B9E90200D654B2 /* Creator.swift in Sources */ = {isa = PBXBuildFile; fileRef = 419DC01920B9E90200D654B2 /* Creator.swift */; };
		41FD36801EEAF80A00C34105 /* EPUBDocument.swift in Sources */ = {isa = PBXBuildFile; fileRef = 41FD367D1EEAF80A00C34105 /* EPUBDocument.swift */; };
		41FD36811EEAF80A00C34105 /* EPUBTableOfContents.swift in Sources */ = {isa = PBXBuildFile; fileRef = 41FD367E1EEAF80A00C34105 /* EPUBTableOfContents.swift */; };
		41FD36821EEAF80A00C34105 /* EPUBParser.swift in Sources */ = {isa = PBXBuildFile; fileRef = 41FD367F1EEAF80A00C34105 /* EPUBParser.swift */; };
		41FD36921EEB24DC00C34105 /* EPUBMetadata.swift in Sources */ = {isa = PBXBuildFile; fileRef = 41FD36911EEB24DC00C34105 /* EPUBMetadata.swift */; };
/* End PBXBuildFile section */

/* Begin PBXFileReference section */
		410E71D920BC6F2F008081C4 /* Zip.framework */ = {isa = PBXFileReference; lastKnownFileType = wrapper.framework; name = Zip.framework; path = Carthage/Build/iOS/Zip.framework; sourceTree = "<group>"; };
		410E71DA20BC6F2F008081C4 /* AEXML.framework */ = {isa = PBXFileReference; lastKnownFileType = wrapper.framework; name = AEXML.framework; path = Carthage/Build/iOS/AEXML.framework; sourceTree = "<group>"; };
		4130F6631EF2012E0073D37F /* EPUBParserError.swift */ = {isa = PBXFileReference; fileEncoding = 4; lastKnownFileType = sourcecode.swift; path = EPUBParserError.swift; sourceTree = "<group>"; };
		4134172020E6EF7E003D101D /* EPUBMetadataParser.swift */ = {isa = PBXFileReference; lastKnownFileType = sourcecode.swift; path = EPUBMetadataParser.swift; sourceTree = "<group>"; };
		4134172220E7016F003D101D /* EPUBManifestParser.swift */ = {isa = PBXFileReference; lastKnownFileType = sourcecode.swift; path = EPUBManifestParser.swift; sourceTree = "<group>"; };
		4134172420E702A5003D101D /* EPUBSpineParser.swift */ = {isa = PBXFileReference; lastKnownFileType = sourcecode.swift; path = EPUBSpineParser.swift; sourceTree = "<group>"; };
		4134172820E70915003D101D /* EPUBTableOfContentsParser.swift */ = {isa = PBXFileReference; lastKnownFileType = sourcecode.swift; path = EPUBTableOfContentsParser.swift; sourceTree = "<group>"; };
		4134172B20E79C7F003D101D /* EPUBContentService.swift */ = {isa = PBXFileReference; lastKnownFileType = sourcecode.swift; path = EPUBContentService.swift; sourceTree = "<group>"; };
		413A073C1EEC19C40089D947 /* EPUBManifest.swift */ = {isa = PBXFileReference; fileEncoding = 4; lastKnownFileType = sourcecode.swift; path = EPUBManifest.swift; sourceTree = "<group>"; };
		413A07401EED763F0089D947 /* EPUBSpine.swift */ = {isa = PBXFileReference; fileEncoding = 4; lastKnownFileType = sourcecode.swift; path = EPUBSpine.swift; sourceTree = "<group>"; };
		413DB32F20E3CE1C00B5E1C3 /* EPUBParserDelegate.swift */ = {isa = PBXFileReference; lastKnownFileType = sourcecode.swift; path = EPUBParserDelegate.swift; sourceTree = "<group>"; };
		413DB33120E3FC2000B5E1C3 /* EPUBParserProtocol.swift */ = {isa = PBXFileReference; lastKnownFileType = sourcecode.swift; path = EPUBParserProtocol.swift; sourceTree = "<group>"; };
		413DB33520E6EAD300B5E1C3 /* EPUBArchiveService.swift */ = {isa = PBXFileReference; lastKnownFileType = sourcecode.swift; path = EPUBArchiveService.swift; sourceTree = "<group>"; };
		4142D7941F48CA6000A868D3 /* EPUBParsable.swift */ = {isa = PBXFileReference; fileEncoding = 4; lastKnownFileType = sourcecode.swift; path = EPUBParsable.swift; sourceTree = "<group>"; };
		41689DD51EE997D1004D6003 /* EPUBKit.framework */ = {isa = PBXFileReference; explicitFileType = wrapper.framework; includeInIndex = 0; path = EPUBKit.framework; sourceTree = BUILT_PRODUCTS_DIR; };
		41689DD81EE997D1004D6003 /* EPUBKit.h */ = {isa = PBXFileReference; lastKnownFileType = sourcecode.c.h; path = EPUBKit.h; sourceTree = "<group>"; };
		41689DD91EE997D1004D6003 /* Info.plist */ = {isa = PBXFileReference; lastKnownFileType = text.plist.xml; path = Info.plist; sourceTree = "<group>"; };
		419DC01320B9E6DF00D654B2 /* EPUBSpineItem.swift */ = {isa = PBXFileReference; lastKnownFileType = sourcecode.swift; path = EPUBSpineItem.swift; sourceTree = "<group>"; };
		419DC01520B9E7E600D654B2 /* EPUBManifestItem.swift */ = {isa = PBXFileReference; lastKnownFileType = sourcecode.swift; path = EPUBManifestItem.swift; sourceTree = "<group>"; };
		419DC01720B9E85C00D654B2 /* EPUBMediaType.swift */ = {isa = PBXFileReference; lastKnownFileType = sourcecode.swift; path = EPUBMediaType.swift; sourceTree = "<group>"; };
		419DC01920B9E90200D654B2 /* Creator.swift */ = {isa = PBXFileReference; lastKnownFileType = sourcecode.swift; path = Creator.swift; sourceTree = "<group>"; };
		41FD367D1EEAF80A00C34105 /* EPUBDocument.swift */ = {isa = PBXFileReference; fileEncoding = 4; lastKnownFileType = sourcecode.swift; path = EPUBDocument.swift; sourceTree = "<group>"; };
		41FD367E1EEAF80A00C34105 /* EPUBTableOfContents.swift */ = {isa = PBXFileReference; fileEncoding = 4; lastKnownFileType = sourcecode.swift; path = EPUBTableOfContents.swift; sourceTree = "<group>"; };
		41FD367F1EEAF80A00C34105 /* EPUBParser.swift */ = {isa = PBXFileReference; fileEncoding = 4; lastKnownFileType = sourcecode.swift; path = EPUBParser.swift; sourceTree = "<group>"; };
		41FD36911EEB24DC00C34105 /* EPUBMetadata.swift */ = {isa = PBXFileReference; fileEncoding = 4; lastKnownFileType = sourcecode.swift; path = EPUBMetadata.swift; sourceTree = "<group>"; };
/* End PBXFileReference section */

/* Begin PBXFrameworksBuildPhase section */
		41689DD11EE997D1004D6003 /* Frameworks */ = {
			isa = PBXFrameworksBuildPhase;
			buildActionMask = 2147483647;
			files = (
				410E71DC20BC6F2F008081C4 /* AEXML.framework in Frameworks */,
				410E71DB20BC6F2F008081C4 /* Zip.framework in Frameworks */,
			);
			runOnlyForDeploymentPostprocessing = 0;
		};
/* End PBXFrameworksBuildPhase section */

/* Begin PBXGroup section */
		413DB33320E4046100B5E1C3 /* Protocols */ = {
			isa = PBXGroup;
			children = (
				4142D7941F48CA6000A868D3 /* EPUBParsable.swift */,
				413DB32F20E3CE1C00B5E1C3 /* EPUBParserDelegate.swift */,
				413DB33120E3FC2000B5E1C3 /* EPUBParserProtocol.swift */,
			);
			path = Protocols;
			sourceTree = "<group>";
		};
		413DB33420E6EAB600B5E1C3 /* Utils */ = {
			isa = PBXGroup;
			children = (
				413DB33520E6EAD300B5E1C3 /* EPUBArchiveService.swift */,
				4134172B20E79C7F003D101D /* EPUBContentService.swift */,
				4134172020E6EF7E003D101D /* EPUBMetadataParser.swift */,
				4134172820E70915003D101D /* EPUBTableOfContentsParser.swift */,
				4134172220E7016F003D101D /* EPUBManifestParser.swift */,
				4134172420E702A5003D101D /* EPUBSpineParser.swift */,
			);
			path = Utils;
			sourceTree = "<group>";
		};
		41689DCB1EE997D0004D6003 = {
			isa = PBXGroup;
			children = (
				41689DD71EE997D1004D6003 /* EPUBKit */,
				41689DD61EE997D1004D6003 /* Products */,
				BAB91426085D666715B2FBDB /* Frameworks */,
			);
			sourceTree = "<group>";
		};
		41689DD61EE997D1004D6003 /* Products */ = {
			isa = PBXGroup;
			children = (
				41689DD51EE997D1004D6003 /* EPUBKit.framework */,
			);
			name = Products;
			sourceTree = "<group>";
		};
		41689DD71EE997D1004D6003 /* EPUBKit */ = {
			isa = PBXGroup;
			children = (
				413DB33320E4046100B5E1C3 /* Protocols */,
				419DC01220B9E65900D654B2 /* Parser */,
				419DC01120B9E64A00D654B2 /* Model */,
				41689DD81EE997D1004D6003 /* EPUBKit.h */,
				41689DD91EE997D1004D6003 /* Info.plist */,
			);
			path = EPUBKit;
			sourceTree = "<group>";
		};
		419DC01120B9E64A00D654B2 /* Model */ = {
			isa = PBXGroup;
			children = (
				41FD367D1EEAF80A00C34105 /* EPUBDocument.swift */,
				41FD36911EEB24DC00C34105 /* EPUBMetadata.swift */,
				419DC01920B9E90200D654B2 /* Creator.swift */,
				413A073C1EEC19C40089D947 /* EPUBManifest.swift */,
				419DC01720B9E85C00D654B2 /* EPUBMediaType.swift */,
				419DC01520B9E7E600D654B2 /* EPUBManifestItem.swift */,
				413A07401EED763F0089D947 /* EPUBSpine.swift */,
				419DC01320B9E6DF00D654B2 /* EPUBSpineItem.swift */,
				41FD367E1EEAF80A00C34105 /* EPUBTableOfContents.swift */,
			);
			path = Model;
			sourceTree = "<group>";
		};
		419DC01220B9E65900D654B2 /* Parser */ = {
			isa = PBXGroup;
			children = (
				413DB33420E6EAB600B5E1C3 /* Utils */,
				41FD367F1EEAF80A00C34105 /* EPUBParser.swift */,
				4130F6631EF2012E0073D37F /* EPUBParserError.swift */,
			);
			path = Parser;
			sourceTree = "<group>";
		};
		BAB91426085D666715B2FBDB /* Frameworks */ = {
			isa = PBXGroup;
			children = (
				410E71DA20BC6F2F008081C4 /* AEXML.framework */,
				410E71D920BC6F2F008081C4 /* Zip.framework */,
			);
			name = Frameworks;
			sourceTree = "<group>";
		};
/* End PBXGroup section */

/* Begin PBXHeadersBuildPhase section */
		41689DD21EE997D1004D6003 /* Headers */ = {
			isa = PBXHeadersBuildPhase;
			buildActionMask = 2147483647;
			files = (
				41689DDA1EE997D1004D6003 /* EPUBKit.h in Headers */,
			);
			runOnlyForDeploymentPostprocessing = 0;
		};
/* End PBXHeadersBuildPhase section */

/* Begin PBXNativeTarget section */
		41689DD41EE997D1004D6003 /* EPUBKit */ = {
			isa = PBXNativeTarget;
			buildConfigurationList = 41689DDD1EE997D1004D6003 /* Build configuration list for PBXNativeTarget "EPUBKit" */;
			buildPhases = (
				41689DD01EE997D1004D6003 /* Sources */,
				41689DD11EE997D1004D6003 /* Frameworks */,
				41BBAE8D20BA0E9D00CD411F /* Run SwiftLint */,
				41689DD21EE997D1004D6003 /* Headers */,
				41689DD31EE997D1004D6003 /* Resources */,
			);
			buildRules = (
			);
			dependencies = (
			);
			name = EPUBKit;
			productName = EPUBKit;
			productReference = 41689DD51EE997D1004D6003 /* EPUBKit.framework */;
			productType = "com.apple.product-type.framework";
		};
/* End PBXNativeTarget section */

/* Begin PBXProject section */
		41689DCC1EE997D0004D6003 /* Project object */ = {
			isa = PBXProject;
			attributes = {
				LastUpgradeCheck = 0940;
				ORGANIZATIONNAME = "Witek Bobrowski";
				TargetAttributes = {
					41689DD41EE997D1004D6003 = {
						CreatedOnToolsVersion = 8.3.2;
						DevelopmentTeam = U82NM6NPZS;
						LastSwiftMigration = 0930;
						ProvisioningStyle = Automatic;
					};
				};
			};
			buildConfigurationList = 41689DCF1EE997D0004D6003 /* Build configuration list for PBXProject "EPUBKit" */;
			compatibilityVersion = "Xcode 3.2";
			developmentRegion = English;
			hasScannedForEncodings = 0;
			knownRegions = (
				en,
			);
			mainGroup = 41689DCB1EE997D0004D6003;
			productRefGroup = 41689DD61EE997D1004D6003 /* Products */;
			projectDirPath = "";
			projectRoot = "";
			targets = (
				41689DD41EE997D1004D6003 /* EPUBKit */,
			);
		};
/* End PBXProject section */

/* Begin PBXResourcesBuildPhase section */
		41689DD31EE997D1004D6003 /* Resources */ = {
			isa = PBXResourcesBuildPhase;
			buildActionMask = 2147483647;
			files = (
			);
			runOnlyForDeploymentPostprocessing = 0;
		};
/* End PBXResourcesBuildPhase section */

/* Begin PBXShellScriptBuildPhase section */
		41BBAE8D20BA0E9D00CD411F /* Run SwiftLint */ = {
			isa = PBXShellScriptBuildPhase;
			buildActionMask = 2147483647;
			files = (
			);
			inputPaths = (
			);
			name = "Run SwiftLint";
			outputPaths = (
			);
			runOnlyForDeploymentPostprocessing = 0;
			shellPath = /bin/sh;
			shellScript = "if which swiftlint >/dev/null; then\nswiftlint\nelse\necho \"warning: SwiftLint not installed, download from https://github.com/realm/SwiftLint\"\nfi";
		};
/* End PBXShellScriptBuildPhase section */

/* Begin PBXSourcesBuildPhase section */
		41689DD01EE997D1004D6003 /* Sources */ = {
			isa = PBXSourcesBuildPhase;
			buildActionMask = 2147483647;
			files = (
				413DB33620E6EAD300B5E1C3 /* EPUBArchiveService.swift in Sources */,
				413DB33220E3FC2000B5E1C3 /* EPUBParserProtocol.swift in Sources */,
				413A07411EED763F0089D947 /* EPUBSpine.swift in Sources */,
				419DC01420B9E6DF00D654B2 /* EPUBSpineItem.swift in Sources */,
				41FD36801EEAF80A00C34105 /* EPUBDocument.swift in Sources */,
				4130F6641EF2012E0073D37F /* EPUBParserError.swift in Sources */,
				4134172520E702A5003D101D /* EPUBSpineParser.swift in Sources */,
				4134172C20E79C7F003D101D /* EPUBContentService.swift in Sources */,
				41FD36811EEAF80A00C34105 /* EPUBTableOfContents.swift in Sources */,
				419DC01820B9E85C00D654B2 /* EPUBMediaType.swift in Sources */,
				4134172920E70915003D101D /* EPUBTableOfContentsParser.swift in Sources */,
				413A073D1EEC19C40089D947 /* EPUBManifest.swift in Sources */,
				41FD36921EEB24DC00C34105 /* EPUBMetadata.swift in Sources */,
				4134172320E7016F003D101D /* EPUBManifestParser.swift in Sources */,
				419DC01A20B9E90200D654B2 /* Creator.swift in Sources */,
				413DB33020E3CE1C00B5E1C3 /* EPUBParserDelegate.swift in Sources */,
				419DC01620B9E7E600D654B2 /* EPUBManifestItem.swift in Sources */,
				4134172120E6EF7E003D101D /* EPUBMetadataParser.swift in Sources */,
				4142D7951F48CA6000A868D3 /* EPUBParsable.swift in Sources */,
				41FD36821EEAF80A00C34105 /* EPUBParser.swift in Sources */,
			);
			runOnlyForDeploymentPostprocessing = 0;
		};
/* End PBXSourcesBuildPhase section */

/* Begin XCBuildConfiguration section */
		410E720B20BC8E61008081C4 /* Debug */ = {
			isa = XCBuildConfiguration;
			buildSettings = {
				ALWAYS_SEARCH_USER_PATHS = NO;
				CLANG_ANALYZER_NONNULL = YES;
				CLANG_ANALYZER_NUMBER_OBJECT_CONVERSION = YES_AGGRESSIVE;
				CLANG_CXX_LANGUAGE_STANDARD = "gnu++0x";
				CLANG_CXX_LIBRARY = "libc++";
				CLANG_ENABLE_MODULES = YES;
				CLANG_ENABLE_OBJC_ARC = YES;
				CLANG_WARN_BLOCK_CAPTURE_AUTORELEASING = YES;
				CLANG_WARN_BOOL_CONVERSION = YES;
				CLANG_WARN_COMMA = YES;
				CLANG_WARN_CONSTANT_CONVERSION = YES;
				CLANG_WARN_DEPRECATED_OBJC_IMPLEMENTATIONS = YES;
				CLANG_WARN_DIRECT_OBJC_ISA_USAGE = YES_ERROR;
				CLANG_WARN_DOCUMENTATION_COMMENTS = YES;
				CLANG_WARN_EMPTY_BODY = YES;
				CLANG_WARN_ENUM_CONVERSION = YES;
				CLANG_WARN_INFINITE_RECURSION = YES;
				CLANG_WARN_INT_CONVERSION = YES;
				CLANG_WARN_NON_LITERAL_NULL_CONVERSION = YES;
				CLANG_WARN_OBJC_IMPLICIT_RETAIN_SELF = YES;
				CLANG_WARN_OBJC_LITERAL_CONVERSION = YES;
				CLANG_WARN_OBJC_ROOT_CLASS = YES_ERROR;
				CLANG_WARN_RANGE_LOOP_ANALYSIS = YES;
				CLANG_WARN_STRICT_PROTOTYPES = YES;
				CLANG_WARN_SUSPICIOUS_MOVE = YES;
				CLANG_WARN_UNREACHABLE_CODE = YES;
				CLANG_WARN__DUPLICATE_METHOD_MATCH = YES;
				"CODE_SIGN_IDENTITY[sdk=iphoneos*]" = "iPhone Developer";
				COPY_PHASE_STRIP = NO;
				CURRENT_PROJECT_VERSION = 1;
				DEBUG_INFORMATION_FORMAT = "dwarf-with-dsym";
				ENABLE_NS_ASSERTIONS = NO;
				ENABLE_STRICT_OBJC_MSGSEND = YES;
				ENABLE_TESTABILITY = YES;
				GCC_C_LANGUAGE_STANDARD = gnu99;
				GCC_NO_COMMON_BLOCKS = YES;
				GCC_WARN_64_TO_32_BIT_CONVERSION = YES;
				GCC_WARN_ABOUT_RETURN_TYPE = YES_ERROR;
				GCC_WARN_UNDECLARED_SELECTOR = YES;
				GCC_WARN_UNINITIALIZED_AUTOS = YES_AGGRESSIVE;
				GCC_WARN_UNUSED_FUNCTION = YES;
				GCC_WARN_UNUSED_VARIABLE = YES;
				IPHONEOS_DEPLOYMENT_TARGET = 10.0;
				MTL_ENABLE_DEBUG_INFO = NO;
				ONLY_ACTIVE_ARCH = YES;
				SDKROOT = iphoneos;
				SWIFT_OPTIMIZATION_LEVEL = "-Owholemodule";
				TARGETED_DEVICE_FAMILY = "1,2";
				VALIDATE_PRODUCT = YES;
				VERSIONING_SYSTEM = "apple-generic";
				VERSION_INFO_PREFIX = "";
			};
			name = Debug;
		};
		410E720C20BC8E61008081C4 /* Debug */ = {
			isa = XCBuildConfiguration;
			buildSettings = {
				APPLICATION_EXTENSION_API_ONLY = NO;
				CLANG_ENABLE_MODULES = YES;
				CODE_SIGN_IDENTITY = "";
				"CODE_SIGN_IDENTITY[sdk=iphoneos*]" = "iPhone Developer";
				DEFINES_MODULE = YES;
				DEVELOPMENT_TEAM = U82NM6NPZS;
				DYLIB_COMPATIBILITY_VERSION = 1;
				DYLIB_CURRENT_VERSION = 1;
				DYLIB_INSTALL_NAME_BASE = "@rpath";
				ENABLE_BITCODE = YES;
				FRAMEWORK_SEARCH_PATHS = (
					"$(inherited)",
					"$(PROJECT_DIR)/Carthage/Build/iOS",
				);
				INFOPLIST_FILE = EPUBKit/Info.plist;
				INSTALL_PATH = "$(LOCAL_LIBRARY_DIR)/Frameworks";
				LD_RUNPATH_SEARCH_PATHS = "$(inherited) @executable_path/Frameworks @loader_path/Frameworks";
				PRODUCT_BUNDLE_IDENTIFIER = witek.bobrowski.EPUBKit;
				PRODUCT_NAME = "$(TARGET_NAME)";
				SKIP_INSTALL = YES;
				SWIFT_SWIFT3_OBJC_INFERENCE = Default;
				SWIFT_VERSION = 4.0;
				TARGETED_DEVICE_FAMILY = "1,2";
			};
			name = Debug;
		};
		41689DDC1EE997D1004D6003 /* Release */ = {
			isa = XCBuildConfiguration;
			buildSettings = {
				ALWAYS_SEARCH_USER_PATHS = NO;
				CLANG_ANALYZER_NONNULL = YES;
				CLANG_ANALYZER_NUMBER_OBJECT_CONVERSION = YES_AGGRESSIVE;
				CLANG_CXX_LANGUAGE_STANDARD = "gnu++0x";
				CLANG_CXX_LIBRARY = "libc++";
				CLANG_ENABLE_MODULES = YES;
				CLANG_ENABLE_OBJC_ARC = YES;
				CLANG_WARN_BLOCK_CAPTURE_AUTORELEASING = YES;
				CLANG_WARN_BOOL_CONVERSION = YES;
				CLANG_WARN_COMMA = YES;
				CLANG_WARN_CONSTANT_CONVERSION = YES;
				CLANG_WARN_DEPRECATED_OBJC_IMPLEMENTATIONS = YES;
				CLANG_WARN_DIRECT_OBJC_ISA_USAGE = YES_ERROR;
				CLANG_WARN_DOCUMENTATION_COMMENTS = YES;
				CLANG_WARN_EMPTY_BODY = YES;
				CLANG_WARN_ENUM_CONVERSION = YES;
				CLANG_WARN_INFINITE_RECURSION = YES;
				CLANG_WARN_INT_CONVERSION = YES;
				CLANG_WARN_NON_LITERAL_NULL_CONVERSION = YES;
				CLANG_WARN_OBJC_IMPLICIT_RETAIN_SELF = YES;
				CLANG_WARN_OBJC_LITERAL_CONVERSION = YES;
				CLANG_WARN_OBJC_ROOT_CLASS = YES_ERROR;
				CLANG_WARN_RANGE_LOOP_ANALYSIS = YES;
				CLANG_WARN_STRICT_PROTOTYPES = YES;
				CLANG_WARN_SUSPICIOUS_MOVE = YES;
				CLANG_WARN_UNREACHABLE_CODE = YES;
				CLANG_WARN__DUPLICATE_METHOD_MATCH = YES;
				"CODE_SIGN_IDENTITY[sdk=iphoneos*]" = "iPhone Developer";
				COPY_PHASE_STRIP = NO;
				CURRENT_PROJECT_VERSION = 1;
				DEBUG_INFORMATION_FORMAT = "dwarf-with-dsym";
				ENABLE_NS_ASSERTIONS = NO;
				ENABLE_STRICT_OBJC_MSGSEND = YES;
				GCC_C_LANGUAGE_STANDARD = gnu99;
				GCC_NO_COMMON_BLOCKS = YES;
				GCC_WARN_64_TO_32_BIT_CONVERSION = YES;
				GCC_WARN_ABOUT_RETURN_TYPE = YES_ERROR;
				GCC_WARN_UNDECLARED_SELECTOR = YES;
				GCC_WARN_UNINITIALIZED_AUTOS = YES_AGGRESSIVE;
				GCC_WARN_UNUSED_FUNCTION = YES;
				GCC_WARN_UNUSED_VARIABLE = YES;
				IPHONEOS_DEPLOYMENT_TARGET = 10.0;
				MTL_ENABLE_DEBUG_INFO = NO;
				SDKROOT = iphoneos;
				SWIFT_OPTIMIZATION_LEVEL = "-Owholemodule";
				TARGETED_DEVICE_FAMILY = "1,2";
				VALIDATE_PRODUCT = YES;
				VERSIONING_SYSTEM = "apple-generic";
				VERSION_INFO_PREFIX = "";
			};
			name = Release;
		};
		41689DDF1EE997D1004D6003 /* Release */ = {
			isa = XCBuildConfiguration;
			buildSettings = {
				APPLICATION_EXTENSION_API_ONLY = NO;
				CLANG_ENABLE_MODULES = YES;
				CODE_SIGN_IDENTITY = "";
				"CODE_SIGN_IDENTITY[sdk=iphoneos*]" = "iPhone Developer";
				DEFINES_MODULE = YES;
				DEVELOPMENT_TEAM = U82NM6NPZS;
				DYLIB_COMPATIBILITY_VERSION = 1;
				DYLIB_CURRENT_VERSION = 1;
				DYLIB_INSTALL_NAME_BASE = "@rpath";
				ENABLE_BITCODE = YES;
				FRAMEWORK_SEARCH_PATHS = (
					"$(inherited)",
					"$(PROJECT_DIR)/Carthage/Build/iOS",
				);
				INFOPLIST_FILE = EPUBKit/Info.plist;
				INSTALL_PATH = "$(LOCAL_LIBRARY_DIR)/Frameworks";
				LD_RUNPATH_SEARCH_PATHS = "$(inherited) @executable_path/Frameworks @loader_path/Frameworks";
				PRODUCT_BUNDLE_IDENTIFIER = witek.bobrowski.EPUBKit;
				PRODUCT_NAME = "$(TARGET_NAME)";
				SKIP_INSTALL = YES;
				SWIFT_SWIFT3_OBJC_INFERENCE = Default;
				SWIFT_VERSION = 4.0;
				TARGETED_DEVICE_FAMILY = "1,2";
			};
			name = Release;
		};
/* End XCBuildConfiguration section */

/* Begin XCConfigurationList section */
		41689DCF1EE997D0004D6003 /* Build configuration list for PBXProject "EPUBKit" */ = {
			isa = XCConfigurationList;
			buildConfigurations = (
				41689DDC1EE997D1004D6003 /* Release */,
				410E720B20BC8E61008081C4 /* Debug */,
			);
			defaultConfigurationIsVisible = 0;
			defaultConfigurationName = Debug;
		};
		41689DDD1EE997D1004D6003 /* Build configuration list for PBXNativeTarget "EPUBKit" */ = {
			isa = XCConfigurationList;
			buildConfigurations = (
				41689DDF1EE997D1004D6003 /* Release */,
				410E720C20BC8E61008081C4 /* Debug */,
			);
			defaultConfigurationIsVisible = 0;
			defaultConfigurationName = Debug;
		};
/* End XCConfigurationList section */
	};
	rootObject = 41689DCC1EE997D0004D6003 /* Project object */;
}
